
Microsoft Visual Studio Solution File, Format Version 12.00
# Visual Studio 15
VisualStudioVersion = 15.0.27130.2036
MinimumVisualStudioVersion = 10.0.40219.1
Project("{9A19103F-16F7-4668-BE54-9A1E7A4F7556}") = "PFSign", "PFSign.csproj", "{01D698D5-8660-45F9-94F7-039E32A18455}"
EndProject
Global
	GlobalSection(SolutionConfigurationPlatforms) = preSolution
		Debug|Any CPU = Debug|Any CPU
		Release|Any CPU = Release|Any CPU
	EndGlobalSection
	GlobalSection(ProjectConfigurationPlatforms) = postSolution
		{01D698D5-8660-45F9-94F7-039E32A18455}.Debug|Any CPU.ActiveCfg = Debug|Any CPU
		{01D698D5-8660-45F9-94F7-039E32A18455}.Debug|Any CPU.Build.0 = Debug|Any CPU
		{01D698D5-8660-45F9-94F7-039E32A18455}.Release|Any CPU.ActiveCfg = Release|Any CPU
		{01D698D5-8660-45F9-94F7-039E32A18455}.Release|Any CPU.Build.0 = Release|Any CPU
	EndGlobalSection
	GlobalSection(SolutionProperties) = preSolution
		HideSolutionNode = FALSE
	EndGlobalSection
	GlobalSection(ExtensibilityGlobals) = postSolution
		SolutionGuid = {16C2A2BD-E02A-4FA6-95E6-E2AA0FE5311C}
	EndGlobalSection
EndGlobal
